// !$*UTF8*$!
{
	archiveVersion = 1;
	classes = {
	};
	objectVersion = 46;
	objects = {

/* Begin PBXBuildFile section */
		1928F3E61D7E2B9C0084A12D /* main.m in Sources */ = {isa = PBXBuildFile; fileRef = 1928F3E51D7E2B9C0084A12D /* main.m */; };
		1928F3E91D7E2B9C0084A12D /* AppDelegate.m in Sources */ = {isa = PBXBuildFile; fileRef = 1928F3E81D7E2B9C0084A12D /* AppDelegate.m */; };
		1928F3EC1D7E2B9C0084A12D /* test4pda.xcdatamodeld in Sources */ = {isa = PBXBuildFile; fileRef = 1928F3EA1D7E2B9C0084A12D /* test4pda.xcdatamodeld */; };
		1928F3EF1D7E2B9C0084A12D /* MasterViewController.m in Sources */ = {isa = PBXBuildFile; fileRef = 1928F3EE1D7E2B9C0084A12D /* MasterViewController.m */; };
		1928F3F21D7E2B9C0084A12D /* DetailViewController.m in Sources */ = {isa = PBXBuildFile; fileRef = 1928F3F11D7E2B9C0084A12D /* DetailViewController.m */; };
		1928F3F51D7E2B9D0084A12D /* Main.storyboard in Resources */ = {isa = PBXBuildFile; fileRef = 1928F3F31D7E2B9D0084A12D /* Main.storyboard */; };
		1928F3F71D7E2B9D0084A12D /* Assets.xcassets in Resources */ = {isa = PBXBuildFile; fileRef = 1928F3F61D7E2B9D0084A12D /* Assets.xcassets */; };
		1928F3FA1D7E2B9D0084A12D /* LaunchScreen.storyboard in Resources */ = {isa = PBXBuildFile; fileRef = 1928F3F81D7E2B9D0084A12D /* LaunchScreen.storyboard */; };
		1928F4041D7EDBBF0084A12D /* UIView+Constraints.m in Sources */ = {isa = PBXBuildFile; fileRef = 1928F4031D7EDBBF0084A12D /* UIView+Constraints.m */; };
		1928F40C1D7F02940084A12D /* TFHpple.m in Sources */ = {isa = PBXBuildFile; fileRef = 1928F4071D7F02940084A12D /* TFHpple.m */; };
		1928F40D1D7F02940084A12D /* TFHppleElement.m in Sources */ = {isa = PBXBuildFile; fileRef = 1928F4091D7F02940084A12D /* TFHppleElement.m */; };
		1928F40E1D7F02940084A12D /* XPathQuery.m in Sources */ = {isa = PBXBuildFile; fileRef = 1928F40B1D7F02940084A12D /* XPathQuery.m */; };
		1928F4101D7F034A0084A12D /* libxml2.tbd in Frameworks */ = {isa = PBXBuildFile; fileRef = 1928F40F1D7F03490084A12D /* libxml2.tbd */; };
/* End PBXBuildFile section */

/* Begin PBXFileReference section */
		1928F3E11D7E2B9C0084A12D /* test4pda.app */ = {isa = PBXFileReference; explicitFileType = wrapper.application; includeInIndex = 0; path = test4pda.app; sourceTree = BUILT_PRODUCTS_DIR; };
		1928F3E51D7E2B9C0084A12D /* main.m */ = {isa = PBXFileReference; lastKnownFileType = sourcecode.c.objc; path = main.m; sourceTree = "<group>"; };
		1928F3E71D7E2B9C0084A12D /* AppDelegate.h */ = {isa = PBXFileReference; lastKnownFileType = sourcecode.c.h; path = AppDelegate.h; sourceTree = "<group>"; };
		1928F3E81D7E2B9C0084A12D /* AppDelegate.m */ = {isa = PBXFileReference; lastKnownFileType = sourcecode.c.objc; path = AppDelegate.m; sourceTree = "<group>"; };
		1928F3EB1D7E2B9C0084A12D /* test4pda.xcdatamodel */ = {isa = PBXFileReference; lastKnownFileType = wrapper.xcdatamodel; path = test4pda.xcdatamodel; sourceTree = "<group>"; };
		1928F3ED1D7E2B9C0084A12D /* MasterViewController.h */ = {isa = PBXFileReference; lastKnownFileType = sourcecode.c.h; path = MasterViewController.h; sourceTree = "<group>"; };
		1928F3EE1D7E2B9C0084A12D /* MasterViewController.m */ = {isa = PBXFileReference; lastKnownFileType = sourcecode.c.objc; path = MasterViewController.m; sourceTree = "<group>"; };
		1928F3F01D7E2B9C0084A12D /* DetailViewController.h */ = {isa = PBXFileReference; lastKnownFileType = sourcecode.c.h; path = DetailViewController.h; sourceTree = "<group>"; };
		1928F3F11D7E2B9C0084A12D /* DetailViewController.m */ = {isa = PBXFileReference; lastKnownFileType = sourcecode.c.objc; path = DetailViewController.m; sourceTree = "<group>"; };
		1928F3F41D7E2B9D0084A12D /* Base */ = {isa = PBXFileReference; lastKnownFileType = file.storyboard; name = Base; path = Base.lproj/Main.storyboard; sourceTree = "<group>"; };
		1928F3F61D7E2B9D0084A12D /* Assets.xcassets */ = {isa = PBXFileReference; lastKnownFileType = folder.assetcatalog; path = Assets.xcassets; sourceTree = "<group>"; };
		1928F3F91D7E2B9D0084A12D /* Base */ = {isa = PBXFileReference; lastKnownFileType = file.storyboard; name = Base; path = Base.lproj/LaunchScreen.storyboard; sourceTree = "<group>"; };
		1928F3FB1D7E2B9D0084A12D /* Info.plist */ = {isa = PBXFileReference; lastKnownFileType = text.plist.xml; path = Info.plist; sourceTree = "<group>"; };
		1928F4021D7EDBBF0084A12D /* UIView+Constraints.h */ = {isa = PBXFileReference; fileEncoding = 4; lastKnownFileType = sourcecode.c.h; path = "UIView+Constraints.h"; sourceTree = "<group>"; };
		1928F4031D7EDBBF0084A12D /* UIView+Constraints.m */ = {isa = PBXFileReference; fileEncoding = 4; lastKnownFileType = sourcecode.c.objc; path = "UIView+Constraints.m"; sourceTree = "<group>"; };
		1928F4061D7F02940084A12D /* TFHpple.h */ = {isa = PBXFileReference; fileEncoding = 4; lastKnownFileType = sourcecode.c.h; path = TFHpple.h; sourceTree = "<group>"; };
		1928F4071D7F02940084A12D /* TFHpple.m */ = {isa = PBXFileReference; fileEncoding = 4; lastKnownFileType = sourcecode.c.objc; path = TFHpple.m; sourceTree = "<group>"; };
		1928F4081D7F02940084A12D /* TFHppleElement.h */ = {isa = PBXFileReference; fileEncoding = 4; lastKnownFileType = sourcecode.c.h; path = TFHppleElement.h; sourceTree = "<group>"; };
		1928F4091D7F02940084A12D /* TFHppleElement.m */ = {isa = PBXFileReference; fileEncoding = 4; lastKnownFileType = sourcecode.c.objc; path = TFHppleElement.m; sourceTree = "<group>"; };
		1928F40A1D7F02940084A12D /* XPathQuery.h */ = {isa = PBXFileReference; fileEncoding = 4; lastKnownFileType = sourcecode.c.h; path = XPathQuery.h; sourceTree = "<group>"; };
		1928F40B1D7F02940084A12D /* XPathQuery.m */ = {isa = PBXFileReference; fileEncoding = 4; lastKnownFileType = sourcecode.c.objc; path = XPathQuery.m; sourceTree = "<group>"; };
		1928F40F1D7F03490084A12D /* libxml2.tbd */ = {isa = PBXFileReference; lastKnownFileType = "sourcecode.text-based-dylib-definition"; name = libxml2.tbd; path = usr/lib/libxml2.tbd; sourceTree = SDKROOT; };
/* End PBXFileReference section */

/* Begin PBXFrameworksBuildPhase section */
		1928F3DE1D7E2B9C0084A12D /* Frameworks */ = {
			isa = PBXFrameworksBuildPhase;
			buildActionMask = 2147483647;
			files = (
				1928F4101D7F034A0084A12D /* libxml2.tbd in Frameworks */,
			);
			runOnlyForDeploymentPostprocessing = 0;
		};
/* End PBXFrameworksBuildPhase section */

/* Begin PBXGroup section */
		1928F3D81D7E2B9C0084A12D = {
			isa = PBXGroup;
			children = (
				1928F40F1D7F03490084A12D /* libxml2.tbd */,
				1928F3E31D7E2B9C0084A12D /* test4pda */,
				1928F3E21D7E2B9C0084A12D /* Products */,
			);
			sourceTree = "<group>";
		};
		1928F3E21D7E2B9C0084A12D /* Products */ = {
			isa = PBXGroup;
			children = (
				1928F3E11D7E2B9C0084A12D /* test4pda.app */,
			);
			name = Products;
			sourceTree = "<group>";
		};
		1928F3E31D7E2B9C0084A12D /* test4pda */ = {
			isa = PBXGroup;
			children = (
				1928F4051D7F02940084A12D /* hpple */,
				1928F3E71D7E2B9C0084A12D /* AppDelegate.h */,
				1928F3E81D7E2B9C0084A12D /* AppDelegate.m */,
				1928F3ED1D7E2B9C0084A12D /* MasterViewController.h */,
				1928F3EE1D7E2B9C0084A12D /* MasterViewController.m */,
				1928F3F01D7E2B9C0084A12D /* DetailViewController.h */,
				1928F3F11D7E2B9C0084A12D /* DetailViewController.m */,
				1928F4021D7EDBBF0084A12D /* UIView+Constraints.h */,
				1928F4031D7EDBBF0084A12D /* UIView+Constraints.m */,
				1928F3F31D7E2B9D0084A12D /* Main.storyboard */,
				1928F3F61D7E2B9D0084A12D /* Assets.xcassets */,
				1928F3F81D7E2B9D0084A12D /* LaunchScreen.storyboard */,
				1928F3FB1D7E2B9D0084A12D /* Info.plist */,
				1928F3EA1D7E2B9C0084A12D /* test4pda.xcdatamodeld */,
				1928F3E41D7E2B9C0084A12D /* Supporting Files */,
			);
			path = test4pda;
			sourceTree = "<group>";
		};
		1928F3E41D7E2B9C0084A12D /* Supporting Files */ = {
			isa = PBXGroup;
			children = (
				1928F3E51D7E2B9C0084A12D /* main.m */,
			);
			name = "Supporting Files";
			sourceTree = "<group>";
		};
		1928F4051D7F02940084A12D /* hpple */ = {
			isa = PBXGroup;
			children = (
				1928F4061D7F02940084A12D /* TFHpple.h */,
				1928F4071D7F02940084A12D /* TFHpple.m */,
				1928F4081D7F02940084A12D /* TFHppleElement.h */,
				1928F4091D7F02940084A12D /* TFHppleElement.m */,
				1928F40A1D7F02940084A12D /* XPathQuery.h */,
				1928F40B1D7F02940084A12D /* XPathQuery.m */,
			);
			path = hpple;
			sourceTree = "<group>";
		};
/* End PBXGroup section */

/* Begin PBXNativeTarget section */
		1928F3E01D7E2B9C0084A12D /* test4pda */ = {
			isa = PBXNativeTarget;
			buildConfigurationList = 1928F3FE1D7E2B9D0084A12D /* Build configuration list for PBXNativeTarget "test4pda" */;
			buildPhases = (
				1928F3DD1D7E2B9C0084A12D /* Sources */,
				1928F3DE1D7E2B9C0084A12D /* Frameworks */,
				1928F3DF1D7E2B9C0084A12D /* Resources */,
			);
			buildRules = (
			);
			dependencies = (
			);
			name = test4pda;
			productName = test4pda;
			productReference = 1928F3E11D7E2B9C0084A12D /* test4pda.app */;
			productType = "com.apple.product-type.application";
		};
/* End PBXNativeTarget section */

/* Begin PBXProject section */
		1928F3D91D7E2B9C0084A12D /* Project object */ = {
			isa = PBXProject;
			attributes = {
				LastUpgradeCheck = 0730;
				ORGANIZATIONNAME = "Alexey Golygin";
				TargetAttributes = {
					1928F3E01D7E2B9C0084A12D = {
						CreatedOnToolsVersion = 7.3.1;
					};
				};
			};
			buildConfigurationList = 1928F3DC1D7E2B9C0084A12D /* Build configuration list for PBXProject "test4pda" */;
			compatibilityVersion = "Xcode 3.2";
			developmentRegion = English;
			hasScannedForEncodings = 0;
			knownRegions = (
				en,
				Base,
			);
			mainGroup = 1928F3D81D7E2B9C0084A12D;
			productRefGroup = 1928F3E21D7E2B9C0084A12D /* Products */;
			projectDirPath = "";
			projectRoot = "";
			targets = (
				1928F3E01D7E2B9C0084A12D /* test4pda */,
			);
		};
/* End PBXProject section */

/* Begin PBXResourcesBuildPhase section */
		1928F3DF1D7E2B9C0084A12D /* Resources */ = {
			isa = PBXResourcesBuildPhase;
			buildActionMask = 2147483647;
			files = (
				1928F3FA1D7E2B9D0084A12D /* LaunchScreen.storyboard in Resources */,
				1928F3F71D7E2B9D0084A12D /* Assets.xcassets in Resources */,
				1928F3F51D7E2B9D0084A12D /* Main.storyboard in Resources */,
			);
			runOnlyForDeploymentPostprocessing = 0;
		};
/* End PBXResourcesBuildPhase section */

/* Begin PBXSourcesBuildPhase section */
		1928F3DD1D7E2B9C0084A12D /* Sources */ = {
			isa = PBXSourcesBuildPhase;
			buildActionMask = 2147483647;
			files = (
				1928F40D1D7F02940084A12D /* TFHppleElement.m in Sources */,
				1928F3F21D7E2B9C0084A12D /* DetailViewController.m in Sources */,
				1928F3EF1D7E2B9C0084A12D /* MasterViewController.m in Sources */,
				1928F3EC1D7E2B9C0084A12D /* test4pda.xcdatamodeld in Sources */,
				1928F40E1D7F02940084A12D /* XPathQuery.m in Sources */,
				1928F40C1D7F02940084A12D /* TFHpple.m in Sources */,
				1928F4041D7EDBBF0084A12D /* UIView+Constraints.m in Sources */,
				1928F3E91D7E2B9C0084A12D /* AppDelegate.m in Sources */,
				1928F3E61D7E2B9C0084A12D /* main.m in Sources */,
			);
			runOnlyForDeploymentPostprocessing = 0;
		};
/* End PBXSourcesBuildPhase section */

/* Begin PBXVariantGroup section */
		1928F3F31D7E2B9D0084A12D /* Main.storyboard */ = {
			isa = PBXVariantGroup;
			children = (
				1928F3F41D7E2B9D0084A12D /* Base */,
			);
			name = Main.storyboard;
			sourceTree = "<group>";
		};
		1928F3F81D7E2B9D0084A12D /* LaunchScreen.storyboard */ = {
			isa = PBXVariantGroup;
			children = (
				1928F3F91D7E2B9D0084A12D /* Base */,
			);
			name = LaunchScreen.storyboard;
			sourceTree = "<group>";
		};
/* End PBXVariantGroup section */

/* Begin XCBuildConfiguration section */
		1928F3FC1D7E2B9D0084A12D /* Debug */ = {
			isa = XCBuildConfiguration;
			buildSettings = {
				ALWAYS_SEARCH_USER_PATHS = NO;
				CLANG_ANALYZER_NONNULL = YES;
				CLANG_CXX_LANGUAGE_STANDARD = "gnu++0x";
				CLANG_CXX_LIBRARY = "libc++";
				CLANG_ENABLE_MODULES = YES;
				CLANG_ENABLE_OBJC_ARC = YES;
				CLANG_WARN_BOOL_CONVERSION = YES;
				CLANG_WARN_CONSTANT_CONVERSION = YES;
				CLANG_WARN_DIRECT_OBJC_ISA_USAGE = YES_ERROR;
				CLANG_WARN_EMPTY_BODY = YES;
				CLANG_WARN_ENUM_CONVERSION = YES;
				CLANG_WARN_INT_CONVERSION = YES;
				CLANG_WARN_OBJC_ROOT_CLASS = YES_ERROR;
				CLANG_WARN_UNREACHABLE_CODE = YES;
				CLANG_WARN__DUPLICATE_METHOD_MATCH = YES;
				"CODE_SIGN_IDENTITY[sdk=iphoneos*]" = "iPhone Developer";
				COPY_PHASE_STRIP = NO;
				DEBUG_INFORMATION_FORMAT = dwarf;
				ENABLE_STRICT_OBJC_MSGSEND = YES;
				ENABLE_TESTABILITY = YES;
				GCC_C_LANGUAGE_STANDARD = gnu99;
				GCC_DYNAMIC_NO_PIC = NO;
				GCC_NO_COMMON_BLOCKS = YES;
				GCC_OPTIMIZATION_LEVEL = 0;
				GCC_PREPROCESSOR_DEFINITIONS = (
					"DEBUG=1",
					"$(inherited)",
				);
				GCC_WARN_64_TO_32_BIT_CONVERSION = YES;
				GCC_WARN_ABOUT_RETURN_TYPE = YES_ERROR;
				GCC_WARN_UNDECLARED_SELECTOR = YES;
				GCC_WARN_UNINITIALIZED_AUTOS = YES_AGGRESSIVE;
				GCC_WARN_UNUSED_FUNCTION = YES;
				GCC_WARN_UNUSED_VARIABLE = YES;
				IPHONEOS_DEPLOYMENT_TARGET = 9.3;
				MTL_ENABLE_DEBUG_INFO = YES;
				ONLY_ACTIVE_ARCH = YES;
				SDKROOT = iphoneos;
				TARGETED_DEVICE_FAMILY = "1,2";
			};
			name = Debug;
		};
		1928F3FD1D7E2B9D0084A12D /* Release */ = {
			isa = XCBuildConfiguration;
			buildSettings = {
				ALWAYS_SEARCH_USER_PATHS = NO;
				CLANG_ANALYZER_NONNULL = YES;
				CLANG_CXX_LANGUAGE_STANDARD = "gnu++0x";
				CLANG_CXX_LIBRARY = "libc++";
				CLANG_ENABLE_MODULES = YES;
				CLANG_ENABLE_OBJC_ARC = YES;
				CLANG_WARN_BOOL_CONVERSION = YES;
				CLANG_WARN_CONSTANT_CONVERSION = YES;
				CLANG_WARN_DIRECT_OBJC_ISA_USAGE = YES_ERROR;
				CLANG_WARN_EMPTY_BODY = YES;
				CLANG_WARN_ENUM_CONVERSION = YES;
				CLANG_WARN_INT_CONVERSION = YES;
				CLANG_WARN_OBJC_ROOT_CLASS = YES_ERROR;
				CLANG_WARN_UNREACHABLE_CODE = YES;
				CLANG_WARN__DUPLICATE_METHOD_MATCH = YES;
				"CODE_SIGN_IDENTITY[sdk=iphoneos*]" = "iPhone Developer";
				COPY_PHASE_STRIP = NO;
				DEBUG_INFORMATION_FORMAT = "dwarf-with-dsym";
				ENABLE_NS_ASSERTIONS = NO;
				ENABLE_STRICT_OBJC_MSGSEND = YES;
				GCC_C_LANGUAGE_STANDARD = gnu99;
				GCC_NO_COMMON_BLOCKS = YES;
				GCC_WARN_64_TO_32_BIT_CONVERSION = YES;
				GCC_WARN_ABOUT_RETURN_TYPE = YES_ERROR;
				GCC_WARN_UNDECLARED_SELECTOR = YES;
				GCC_WARN_UNINITIALIZED_AUTOS = YES_AGGRESSIVE;
				GCC_WARN_UNUSED_FUNCTION = YES;
				GCC_WARN_UNUSED_VARIABLE = YES;
				IPHONEOS_DEPLOYMENT_TARGET = 9.3;
				MTL_ENABLE_DEBUG_INFO = NO;
				SDKROOT = iphoneos;
				TARGETED_DEVICE_FAMILY = "1,2";
				VALIDATE_PRODUCT = YES;
			};
			name = Release;
		};
		1928F3FF1D7E2B9D0084A12D /* Debug */ = {
			isa = XCBuildConfiguration;
			buildSettings = {
				ASSETCATALOG_COMPILER_APPICON_NAME = AppIcon;
				HEADER_SEARCH_PATHS = "$(SDKROOT)/usr/include/libxml2";
				INFOPLIST_FILE = test4pda/Info.plist;
				LD_RUNPATH_SEARCH_PATHS = "$(inherited) @executable_path/Frameworks";
				PRODUCT_BUNDLE_IDENTIFIER = com.agolygin.test4pda;
				PRODUCT_NAME = "$(TARGET_NAME)";
			};
			name = Debug;
		};
		1928F4001D7E2B9D0084A12D /* Release */ = {
			isa = XCBuildConfiguration;
			buildSettings = {
				ASSETCATALOG_COMPILER_APPICON_NAME = AppIcon;
				HEADER_SEARCH_PATHS = "$(SDKROOT)/usr/include/libxml2";
				INFOPLIST_FILE = test4pda/Info.plist;
				LD_RUNPATH_SEARCH_PATHS = "$(inherited) @executable_path/Frameworks";
				PRODUCT_BUNDLE_IDENTIFIER = com.agolygin.test4pda;
				PRODUCT_NAME = "$(TARGET_NAME)";
			};
			name = Release;
		};
/* End XCBuildConfiguration section */

/* Begin XCConfigurationList section */
		1928F3DC1D7E2B9C0084A12D /* Build configuration list for PBXProject "test4pda" */ = {
			isa = XCConfigurationList;
			buildConfigurations = (
				1928F3FC1D7E2B9D0084A12D /* Debug */,
				1928F3FD1D7E2B9D0084A12D /* Release */,
			);
			defaultConfigurationIsVisible = 0;
			defaultConfigurationName = Release;
		};
		1928F3FE1D7E2B9D0084A12D /* Build configuration list for PBXNativeTarget "test4pda" */ = {
			isa = XCConfigurationList;
			buildConfigurations = (
				1928F3FF1D7E2B9D0084A12D /* Debug */,
				1928F4001D7E2B9D0084A12D /* Release */,
			);
			defaultConfigurationIsVisible = 0;
		};
/* End XCConfigurationList section */

/* Begin XCVersionGroup section */
		1928F3EA1D7E2B9C0084A12D /* test4pda.xcdatamodeld */ = {
			isa = XCVersionGroup;
			children = (
				1928F3EB1D7E2B9C0084A12D /* test4pda.xcdatamodel */,
			);
			currentVersion = 1928F3EB1D7E2B9C0084A12D /* test4pda.xcdatamodel */;
			path = test4pda.xcdatamodeld;
			sourceTree = "<group>";
			versionGroupType = wrapper.xcdatamodel;
		};
/* End XCVersionGroup section */
	};
	rootObject = 1928F3D91D7E2B9C0084A12D /* Project object */;
}
